
Microsoft Visual Studio Solution File, Format Version 12.00
# Visual Studio Version 16
VisualStudioVersion = 16.0.29025.244
MinimumVisualStudioVersion = 10.0.40219.1
Project("{9A19103F-16F7-4668-BE54-9A1E7A4F7556}") = "Day01 - No Time for a Taxicab", "Day01\Day01 - No Time for a Taxicab.csproj", "{3019163E-BC4E-4B6C-972D-3F07ACFAA64D}"
EndProject
Project("{9A19103F-16F7-4668-BE54-9A1E7A4F7556}") = "Day02 - Bathroom Security", "Day02\Day02 - Bathroom Security.csproj", "{12774E30-B10B-4388-B2D7-50BA710D4F38}"
EndProject
Project("{9A19103F-16F7-4668-BE54-9A1E7A4F7556}") = "Day03 - Squares With Three Sides", "Day03\Day03 - Squares With Three Sides.csproj", "{F8B026B6-8954-45FF-8E87-88BB40CA7765}"
EndProject
Project("{9A19103F-16F7-4668-BE54-9A1E7A4F7556}") = "Day04 - Security Through Obscurity", "Day04\Day04 - Security Through Obscurity.csproj", "{D468F3F3-0D79-425E-826F-464EE393CAAB}"
EndProject
Project("{9A19103F-16F7-4668-BE54-9A1E7A4F7556}") = "Day05 - How About a Nice Game of Chess", "Day05\Day05 - How About a Nice Game of Chess.csproj", "{FAF35292-BD8E-4C8D-84D0-E5458594D028}"
EndProject
Project("{9A19103F-16F7-4668-BE54-9A1E7A4F7556}") = "Day06 - Signals and Noise", "Day06\Day06 - Signals and Noise.csproj", "{66357A29-B1F3-4E80-B42B-3ADF9B2FDC98}"
EndProject
Project("{9A19103F-16F7-4668-BE54-9A1E7A4F7556}") = "Day07 - Internet Protocol Version 7", "Day07\Day07 - Internet Protocol Version 7.csproj", "{79B03639-CBB0-4AB3-9243-046ABD65AD83}"
EndProject
Project("{9A19103F-16F7-4668-BE54-9A1E7A4F7556}") = "Day08 - Two-Factor Authentication", "Day08\Day08 - Two-Factor Authentication.csproj", "{E0BCBFA2-30EB-4C1D-AFB9-528807E66414}"
EndProject
Project("{9A19103F-16F7-4668-BE54-9A1E7A4F7556}") = "Day09 - Explosives in Cyberspace", "Day09\Day09 - Explosives in Cyberspace.csproj", "{24C61B92-0CD1-4AFA-8877-176596743819}"
EndProject
Project("{9A19103F-16F7-4668-BE54-9A1E7A4F7556}") = "Day10 - Balance Bots", "Day10\Day10 - Balance Bots.csproj", "{0FA021CB-0CB0-4088-A7DF-363E71FC2B72}"
EndProject
Project("{9A19103F-16F7-4668-BE54-9A1E7A4F7556}") = "Day11 - Radioisotope Thermoelectric Generators", "Day11\Day11 - Radioisotope Thermoelectric Generators.csproj", "{432306A9-B2D5-45AC-BEA7-DEB91F0B2F11}"
EndProject
Project("{9A19103F-16F7-4668-BE54-9A1E7A4F7556}") = "Day13 - A Maze of Twisty Little Cubicles", "Day13\Day13 - A Maze of Twisty Little Cubicles.csproj", "{5F759F44-DD73-427A-8C2F-D8D8F869521E}"
EndProject
Project("{9A19103F-16F7-4668-BE54-9A1E7A4F7556}") = "Day14 - One-Time Pad", "Day14\Day14 - One-Time Pad.csproj", "{A6695C76-27E0-43FE-B7BA-D4CB98D875AF}"
EndProject
Project("{9A19103F-16F7-4668-BE54-9A1E7A4F7556}") = "Day15 - Timing is Everything", "Day15\Day15 - Timing is Everything.csproj", "{6926077E-9228-40E3-80E5-1C9404BE72FA}"
EndProject
Project("{9A19103F-16F7-4668-BE54-9A1E7A4F7556}") = "Day16 - Dragon Checksum", "Day16\Day16 - Dragon Checksum.csproj", "{567D0C00-50F6-4DF8-8D35-34E0569CD25F}"
EndProject
Project("{9A19103F-16F7-4668-BE54-9A1E7A4F7556}") = "Day17 - Two Steps Forward", "Day17\Day17 - Two Steps Forward.csproj", "{0F916397-4C64-4D2A-B17E-4F77321D69E3}"
EndProject
Project("{9A19103F-16F7-4668-BE54-9A1E7A4F7556}") = "Day18 - Like a Rogue", "Day18\Day18 - Like a Rogue.csproj", "{0DD71DA7-9C6C-41FF-BA3A-14581D26DB61}"
EndProject
Project("{9A19103F-16F7-4668-BE54-9A1E7A4F7556}") = "Day19 - An Elephant Named Joseph", "Day19\Day19 - An Elephant Named Joseph.csproj", "{E3DFCB78-B599-4AEB-8171-2AC600A55A02}"
EndProject
Project("{9A19103F-16F7-4668-BE54-9A1E7A4F7556}") = "Day20 - Firewall Rules", "Day20\Day20 - Firewall Rules.csproj", "{7A1DA737-0F35-424C-B609-07CB0B6E2B01}"
EndProject
Project("{9A19103F-16F7-4668-BE54-9A1E7A4F7556}") = "Day21 - Scrambled Letters and Hash", "Day21\Day21 - Scrambled Letters and Hash.csproj", "{F661A720-D310-4B32-951D-CFD8BB13B387}"
EndProject
Project("{9A19103F-16F7-4668-BE54-9A1E7A4F7556}") = "Day22 - Grid Computing", "Day22\Day22 - Grid Computing.csproj", "{27DE9A24-9E21-4AF3-8417-71F1D4968981}"
EndProject
Project("{9A19103F-16F7-4668-BE54-9A1E7A4F7556}") = "Day23 - Safe Cracking", "Day23\Day23 - Safe Cracking.csproj", "{987D092A-FF55-48CA-B608-34CBC4CEE30F}"
EndProject
Project("{9A19103F-16F7-4668-BE54-9A1E7A4F7556}") = "Day24 - Air Duct Spelunking", "Day24\Day24 - Air Duct Spelunking.csproj", "{576BA06E-17B4-4BCD-A33F-F11F20B831A3}"
EndProject
Project("{9A19103F-16F7-4668-BE54-9A1E7A4F7556}") = "AoCTools", "AoCTools\AoCTools.csproj", "{34FB5AAB-4093-4B95-8DB3-CA353CE0BAF5}"
EndProject
Global
	GlobalSection(SolutionConfigurationPlatforms) = preSolution
		Debug|Any CPU = Debug|Any CPU
		Release|Any CPU = Release|Any CPU
	EndGlobalSection
	GlobalSection(ProjectConfigurationPlatforms) = postSolution
		{3019163E-BC4E-4B6C-972D-3F07ACFAA64D}.Debug|Any CPU.ActiveCfg = Debug|Any CPU
		{3019163E-BC4E-4B6C-972D-3F07ACFAA64D}.Debug|Any CPU.Build.0 = Debug|Any CPU
		{3019163E-BC4E-4B6C-972D-3F07ACFAA64D}.Release|Any CPU.ActiveCfg = Release|Any CPU
		{3019163E-BC4E-4B6C-972D-3F07ACFAA64D}.Release|Any CPU.Build.0 = Release|Any CPU
		{12774E30-B10B-4388-B2D7-50BA710D4F38}.Debug|Any CPU.ActiveCfg = Debug|Any CPU
		{12774E30-B10B-4388-B2D7-50BA710D4F38}.Debug|Any CPU.Build.0 = Debug|Any CPU
		{12774E30-B10B-4388-B2D7-50BA710D4F38}.Release|Any CPU.ActiveCfg = Release|Any CPU
		{12774E30-B10B-4388-B2D7-50BA710D4F38}.Release|Any CPU.Build.0 = Release|Any CPU
		{F8B026B6-8954-45FF-8E87-88BB40CA7765}.Debug|Any CPU.ActiveCfg = Debug|Any CPU
		{F8B026B6-8954-45FF-8E87-88BB40CA7765}.Debug|Any CPU.Build.0 = Debug|Any CPU
		{F8B026B6-8954-45FF-8E87-88BB40CA7765}.Release|Any CPU.ActiveCfg = Release|Any CPU
		{F8B026B6-8954-45FF-8E87-88BB40CA7765}.Release|Any CPU.Build.0 = Release|Any CPU
		{D468F3F3-0D79-425E-826F-464EE393CAAB}.Debug|Any CPU.ActiveCfg = Debug|Any CPU
		{D468F3F3-0D79-425E-826F-464EE393CAAB}.Debug|Any CPU.Build.0 = Debug|Any CPU
		{D468F3F3-0D79-425E-826F-464EE393CAAB}.Release|Any CPU.ActiveCfg = Release|Any CPU
		{D468F3F3-0D79-425E-826F-464EE393CAAB}.Release|Any CPU.Build.0 = Release|Any CPU
		{FAF35292-BD8E-4C8D-84D0-E5458594D028}.Debug|Any CPU.ActiveCfg = Debug|Any CPU
		{FAF35292-BD8E-4C8D-84D0-E5458594D028}.Debug|Any CPU.Build.0 = Debug|Any CPU
		{FAF35292-BD8E-4C8D-84D0-E5458594D028}.Release|Any CPU.ActiveCfg = Release|Any CPU
		{FAF35292-BD8E-4C8D-84D0-E5458594D028}.Release|Any CPU.Build.0 = Release|Any CPU
		{66357A29-B1F3-4E80-B42B-3ADF9B2FDC98}.Debug|Any CPU.ActiveCfg = Debug|Any CPU
		{66357A29-B1F3-4E80-B42B-3ADF9B2FDC98}.Debug|Any CPU.Build.0 = Debug|Any CPU
		{66357A29-B1F3-4E80-B42B-3ADF9B2FDC98}.Release|Any CPU.ActiveCfg = Release|Any CPU
		{66357A29-B1F3-4E80-B42B-3ADF9B2FDC98}.Release|Any CPU.Build.0 = Release|Any CPU
		{79B03639-CBB0-4AB3-9243-046ABD65AD83}.Debug|Any CPU.ActiveCfg = Debug|Any CPU
		{79B03639-CBB0-4AB3-9243-046ABD65AD83}.Debug|Any CPU.Build.0 = Debug|Any CPU
		{79B03639-CBB0-4AB3-9243-046ABD65AD83}.Release|Any CPU.ActiveCfg = Release|Any CPU
		{79B03639-CBB0-4AB3-9243-046ABD65AD83}.Release|Any CPU.Build.0 = Release|Any CPU
		{E0BCBFA2-30EB-4C1D-AFB9-528807E66414}.Debug|Any CPU.ActiveCfg = Debug|Any CPU
		{E0BCBFA2-30EB-4C1D-AFB9-528807E66414}.Debug|Any CPU.Build.0 = Debug|Any CPU
		{E0BCBFA2-30EB-4C1D-AFB9-528807E66414}.Release|Any CPU.ActiveCfg = Release|Any CPU
		{E0BCBFA2-30EB-4C1D-AFB9-528807E66414}.Release|Any CPU.Build.0 = Release|Any CPU
		{24C61B92-0CD1-4AFA-8877-176596743819}.Debug|Any CPU.ActiveCfg = Debug|Any CPU
		{24C61B92-0CD1-4AFA-8877-176596743819}.Debug|Any CPU.Build.0 = Debug|Any CPU
		{24C61B92-0CD1-4AFA-8877-176596743819}.Release|Any CPU.ActiveCfg = Release|Any CPU
		{24C61B92-0CD1-4AFA-8877-176596743819}.Release|Any CPU.Build.0 = Release|Any CPU
		{0FA021CB-0CB0-4088-A7DF-363E71FC2B72}.Debug|Any CPU.ActiveCfg = Debug|Any CPU
		{0FA021CB-0CB0-4088-A7DF-363E71FC2B72}.Debug|Any CPU.Build.0 = Debug|Any CPU
		{0FA021CB-0CB0-4088-A7DF-363E71FC2B72}.Release|Any CPU.ActiveCfg = Release|Any CPU
		{0FA021CB-0CB0-4088-A7DF-363E71FC2B72}.Release|Any CPU.Build.0 = Release|Any CPU
		{432306A9-B2D5-45AC-BEA7-DEB91F0B2F11}.Debug|Any CPU.ActiveCfg = Debug|Any CPU
		{432306A9-B2D5-45AC-BEA7-DEB91F0B2F11}.Debug|Any CPU.Build.0 = Debug|Any CPU
		{432306A9-B2D5-45AC-BEA7-DEB91F0B2F11}.Release|Any CPU.ActiveCfg = Release|Any CPU
		{432306A9-B2D5-45AC-BEA7-DEB91F0B2F11}.Release|Any CPU.Build.0 = Release|Any CPU
		{5F759F44-DD73-427A-8C2F-D8D8F869521E}.Debug|Any CPU.ActiveCfg = Debug|Any CPU
		{5F759F44-DD73-427A-8C2F-D8D8F869521E}.Debug|Any CPU.Build.0 = Debug|Any CPU
		{5F759F44-DD73-427A-8C2F-D8D8F869521E}.Release|Any CPU.ActiveCfg = Release|Any CPU
		{5F759F44-DD73-427A-8C2F-D8D8F869521E}.Release|Any CPU.Build.0 = Release|Any CPU
		{A6695C76-27E0-43FE-B7BA-D4CB98D875AF}.Debug|Any CPU.ActiveCfg = Debug|Any CPU
		{A6695C76-27E0-43FE-B7BA-D4CB98D875AF}.Debug|Any CPU.Build.0 = Debug|Any CPU
		{A6695C76-27E0-43FE-B7BA-D4CB98D875AF}.Release|Any CPU.ActiveCfg = Release|Any CPU
		{A6695C76-27E0-43FE-B7BA-D4CB98D875AF}.Release|Any CPU.Build.0 = Release|Any CPU
		{6926077E-9228-40E3-80E5-1C9404BE72FA}.Debug|Any CPU.ActiveCfg = Debug|Any CPU
		{6926077E-9228-40E3-80E5-1C9404BE72FA}.Debug|Any CPU.Build.0 = Debug|Any CPU
		{6926077E-9228-40E3-80E5-1C9404BE72FA}.Release|Any CPU.ActiveCfg = Release|Any CPU
		{6926077E-9228-40E3-80E5-1C9404BE72FA}.Release|Any CPU.Build.0 = Release|Any CPU
		{567D0C00-50F6-4DF8-8D35-34E0569CD25F}.Debug|Any CPU.ActiveCfg = Debug|Any CPU
		{567D0C00-50F6-4DF8-8D35-34E0569CD25F}.Debug|Any CPU.Build.0 = Debug|Any CPU
		{567D0C00-50F6-4DF8-8D35-34E0569CD25F}.Release|Any CPU.ActiveCfg = Release|Any CPU
		{567D0C00-50F6-4DF8-8D35-34E0569CD25F}.Release|Any CPU.Build.0 = Release|Any CPU
		{0F916397-4C64-4D2A-B17E-4F77321D69E3}.Debug|Any CPU.ActiveCfg = Debug|Any CPU
		{0F916397-4C64-4D2A-B17E-4F77321D69E3}.Debug|Any CPU.Build.0 = Debug|Any CPU
		{0F916397-4C64-4D2A-B17E-4F77321D69E3}.Release|Any CPU.ActiveCfg = Release|Any CPU
		{0F916397-4C64-4D2A-B17E-4F77321D69E3}.Release|Any CPU.Build.0 = Release|Any CPU
		{0DD71DA7-9C6C-41FF-BA3A-14581D26DB61}.Debug|Any CPU.ActiveCfg = Debug|Any CPU
		{0DD71DA7-9C6C-41FF-BA3A-14581D26DB61}.Debug|Any CPU.Build.0 = Debug|Any CPU
		{0DD71DA7-9C6C-41FF-BA3A-14581D26DB61}.Release|Any CPU.ActiveCfg = Release|Any CPU
		{0DD71DA7-9C6C-41FF-BA3A-14581D26DB61}.Release|Any CPU.Build.0 = Release|Any CPU
		{E3DFCB78-B599-4AEB-8171-2AC600A55A02}.Debug|Any CPU.ActiveCfg = Debug|Any CPU
		{E3DFCB78-B599-4AEB-8171-2AC600A55A02}.Debug|Any CPU.Build.0 = Debug|Any CPU
		{E3DFCB78-B599-4AEB-8171-2AC600A55A02}.Release|Any CPU.ActiveCfg = Release|Any CPU
		{E3DFCB78-B599-4AEB-8171-2AC600A55A02}.Release|Any CPU.Build.0 = Release|Any CPU
		{7A1DA737-0F35-424C-B609-07CB0B6E2B01}.Debug|Any CPU.ActiveCfg = Debug|Any CPU
		{7A1DA737-0F35-424C-B609-07CB0B6E2B01}.Debug|Any CPU.Build.0 = Debug|Any CPU
		{7A1DA737-0F35-424C-B609-07CB0B6E2B01}.Release|Any CPU.ActiveCfg = Release|Any CPU
		{7A1DA737-0F35-424C-B609-07CB0B6E2B01}.Release|Any CPU.Build.0 = Release|Any CPU
		{F661A720-D310-4B32-951D-CFD8BB13B387}.Debug|Any CPU.ActiveCfg = Debug|Any CPU
		{F661A720-D310-4B32-951D-CFD8BB13B387}.Debug|Any CPU.Build.0 = Debug|Any CPU
		{F661A720-D310-4B32-951D-CFD8BB13B387}.Release|Any CPU.ActiveCfg = Release|Any CPU
		{F661A720-D310-4B32-951D-CFD8BB13B387}.Release|Any CPU.Build.0 = Release|Any CPU
		{27DE9A24-9E21-4AF3-8417-71F1D4968981}.Debug|Any CPU.ActiveCfg = Debug|Any CPU
		{27DE9A24-9E21-4AF3-8417-71F1D4968981}.Debug|Any CPU.Build.0 = Debug|Any CPU
		{27DE9A24-9E21-4AF3-8417-71F1D4968981}.Release|Any CPU.ActiveCfg = Release|Any CPU
		{27DE9A24-9E21-4AF3-8417-71F1D4968981}.Release|Any CPU.Build.0 = Release|Any CPU
		{987D092A-FF55-48CA-B608-34CBC4CEE30F}.Debug|Any CPU.ActiveCfg = Debug|Any CPU
		{987D092A-FF55-48CA-B608-34CBC4CEE30F}.Debug|Any CPU.Build.0 = Debug|Any CPU
		{987D092A-FF55-48CA-B608-34CBC4CEE30F}.Release|Any CPU.ActiveCfg = Release|Any CPU
		{987D092A-FF55-48CA-B608-34CBC4CEE30F}.Release|Any CPU.Build.0 = Release|Any CPU
		{576BA06E-17B4-4BCD-A33F-F11F20B831A3}.Debug|Any CPU.ActiveCfg = Debug|Any CPU
		{576BA06E-17B4-4BCD-A33F-F11F20B831A3}.Debug|Any CPU.Build.0 = Debug|Any CPU
		{576BA06E-17B4-4BCD-A33F-F11F20B831A3}.Release|Any CPU.ActiveCfg = Release|Any CPU
		{576BA06E-17B4-4BCD-A33F-F11F20B831A3}.Release|Any CPU.Build.0 = Release|Any CPU
		{34FB5AAB-4093-4B95-8DB3-CA353CE0BAF5}.Debug|Any CPU.ActiveCfg = Debug|Any CPU
		{34FB5AAB-4093-4B95-8DB3-CA353CE0BAF5}.Debug|Any CPU.Build.0 = Debug|Any CPU
		{34FB5AAB-4093-4B95-8DB3-CA353CE0BAF5}.Release|Any CPU.ActiveCfg = Release|Any CPU
		{34FB5AAB-4093-4B95-8DB3-CA353CE0BAF5}.Release|Any CPU.Build.0 = Release|Any CPU
	EndGlobalSection
	GlobalSection(SolutionProperties) = preSolution
		HideSolutionNode = FALSE
	EndGlobalSection
	GlobalSection(ExtensibilityGlobals) = postSolution
		SolutionGuid = {E3D59081-4633-44A7-991E-DE5BF6003D09}
	EndGlobalSection
EndGlobal
